
Microsoft Visual Studio Solution File, Format Version 12.00
# Visual Studio Version 17
VisualStudioVersion = 17.5.33414.496
MinimumVisualStudioVersion = 10.0.40219.1
Project("{FAE04EC0-301F-11D3-BF4B-00C04F79EFBC}") = "cerberus", "cerberus.csproj", "{85ED09A6-5DAB-4FD6-929B-038FAA528729}"
EndProject
Project("{FAE04EC0-301F-11D3-BF4B-00C04F79EFBC}") = "cerberus.Tests", "..\cerberus.Tests\cerberus.Tests.csproj", "{1C1A60DB-5C24-46F3-AD33-B406B57AFD3E}"
EndProject
Global
	GlobalSection(SolutionConfigurationPlatforms) = preSolution
		Debug|Any CPU = Debug|Any CPU
		Release|Any CPU = Release|Any CPU
	EndGlobalSection
	GlobalSection(ProjectConfigurationPlatforms) = postSolution
		{85ED09A6-5DAB-4FD6-929B-038FAA528729}.Debug|Any CPU.ActiveCfg = Debug|Any CPU
		{85ED09A6-5DAB-4FD6-929B-038FAA528729}.Debug|Any CPU.Build.0 = Debug|Any CPU
		{85ED09A6-5DAB-4FD6-929B-038FAA528729}.Release|Any CPU.ActiveCfg = Release|Any CPU
		{85ED09A6-5DAB-4FD6-929B-038FAA528729}.Release|Any CPU.Build.0 = Release|Any CPU
		{1C1A60DB-5C24-46F3-AD33-B406B57AFD3E}.Debug|Any CPU.ActiveCfg = Debug|Any CPU
		{1C1A60DB-5C24-46F3-AD33-B406B57AFD3E}.Debug|Any CPU.Build.0 = Debug|Any CPU
		{1C1A60DB-5C24-46F3-AD33-B406B57AFD3E}.Release|Any CPU.ActiveCfg = Release|Any CPU
		{1C1A60DB-5C24-46F3-AD33-B406B57AFD3E}.Release|Any CPU.Build.0 = Release|Any CPU
	EndGlobalSection
	GlobalSection(SolutionProperties) = preSolution
		HideSolutionNode = FALSE
	EndGlobalSection
	GlobalSection(ExtensibilityGlobals) = postSolution
		SolutionGuid = {0898B54F-1080-4F43-AFBE-FEF7ABAFDFAC}
	EndGlobalSection
EndGlobal
